
Microsoft Visual Studio Solution File, Format Version 12.00
Project("{FAE04EC0-301F-11D3-BF4B-00C04F79EFBC}") = "Unicolour", "Unicolour\Unicolour.csproj", "{92891D43-57AA-4059-BB54-5BA762896714}"
EndProject
Project("{FAE04EC0-301F-11D3-BF4B-00C04F79EFBC}") = "Unicolour.Tests", "Unicolour.Tests\Unicolour.Tests.csproj", "{43CC17D1-2A95-4554-9900-D97FA9CEA2D0}"
EndProject
Project("{FAE04EC0-301F-11D3-BF4B-00C04F79EFBC}") = "Unicolour.Example", "Unicolour.Example\Unicolour.Example.csproj", "{DA851ED7-FCE5-4A17-818A-ED80BE673EBB}"
EndProject
Project("{FAE04EC0-301F-11D3-BF4B-00C04F79EFBC}") = "Unicolour.Datasets", "Unicolour.Datasets\Unicolour.Datasets.csproj", "{4CE26106-3B57-4C0F-9AB4-0C7A3C34F91F}"
EndProject
Project("{FAE04EC0-301F-11D3-BF4B-00C04F79EFBC}") = "Unicolour.Console", "Unicolour.Console\Unicolour.Console.csproj", "{D59F060C-178E-4FFE-8908-5C39F7D7DFDF}"
EndProject
Global
	GlobalSection(SolutionConfigurationPlatforms) = preSolution
		Debug|Any CPU = Debug|Any CPU
		Release|Any CPU = Release|Any CPU
	EndGlobalSection
	GlobalSection(ProjectConfigurationPlatforms) = postSolution
		{92891D43-57AA-4059-BB54-5BA762896714}.Debug|Any CPU.ActiveCfg = Debug|Any CPU
		{92891D43-57AA-4059-BB54-5BA762896714}.Debug|Any CPU.Build.0 = Debug|Any CPU
		{92891D43-57AA-4059-BB54-5BA762896714}.Release|Any CPU.ActiveCfg = Release|Any CPU
		{92891D43-57AA-4059-BB54-5BA762896714}.Release|Any CPU.Build.0 = Release|Any CPU
		{43CC17D1-2A95-4554-9900-D97FA9CEA2D0}.Debug|Any CPU.ActiveCfg = Debug|Any CPU
		{43CC17D1-2A95-4554-9900-D97FA9CEA2D0}.Debug|Any CPU.Build.0 = Debug|Any CPU
		{43CC17D1-2A95-4554-9900-D97FA9CEA2D0}.Release|Any CPU.ActiveCfg = Release|Any CPU
		{43CC17D1-2A95-4554-9900-D97FA9CEA2D0}.Release|Any CPU.Build.0 = Release|Any CPU
		{DA851ED7-FCE5-4A17-818A-ED80BE673EBB}.Debug|Any CPU.ActiveCfg = Debug|Any CPU
		{DA851ED7-FCE5-4A17-818A-ED80BE673EBB}.Debug|Any CPU.Build.0 = Debug|Any CPU
		{DA851ED7-FCE5-4A17-818A-ED80BE673EBB}.Release|Any CPU.ActiveCfg = Release|Any CPU
		{DA851ED7-FCE5-4A17-818A-ED80BE673EBB}.Release|Any CPU.Build.0 = Release|Any CPU
		{4CE26106-3B57-4C0F-9AB4-0C7A3C34F91F}.Debug|Any CPU.ActiveCfg = Debug|Any CPU
		{4CE26106-3B57-4C0F-9AB4-0C7A3C34F91F}.Debug|Any CPU.Build.0 = Debug|Any CPU
		{4CE26106-3B57-4C0F-9AB4-0C7A3C34F91F}.Release|Any CPU.ActiveCfg = Release|Any CPU
		{4CE26106-3B57-4C0F-9AB4-0C7A3C34F91F}.Release|Any CPU.Build.0 = Release|Any CPU
		{D59F060C-178E-4FFE-8908-5C39F7D7DFDF}.Debug|Any CPU.ActiveCfg = Debug|Any CPU
		{D59F060C-178E-4FFE-8908-5C39F7D7DFDF}.Debug|Any CPU.Build.0 = Debug|Any CPU
		{D59F060C-178E-4FFE-8908-5C39F7D7DFDF}.Release|Any CPU.ActiveCfg = Release|Any CPU
		{D59F060C-178E-4FFE-8908-5C39F7D7DFDF}.Release|Any CPU.Build.0 = Release|Any CPU
	EndGlobalSection
EndGlobal
